
Microsoft Visual Studio Solution File, Format Version 12.00
# Visual Studio 15
VisualStudioVersion = 15.0.28307.271
MinimumVisualStudioVersion = 10.0.40219.1
Project("{FAE04EC0-301F-11D3-BF4B-00C04F79EFBC}") = "ScChronosYmlGenerator", "ScChronosYmlGenerator.csproj", "{ADB151D7-BAB4-45E5-AADA-3687CC5AB5BD}"
EndProject
Global
	GlobalSection(SolutionConfigurationPlatforms) = preSolution
		Debug|Any CPU = Debug|Any CPU
		Release|Any CPU = Release|Any CPU
	EndGlobalSection
	GlobalSection(ProjectConfigurationPlatforms) = postSolution
		{ADB151D7-BAB4-45E5-AADA-3687CC5AB5BD}.Debug|Any CPU.ActiveCfg = Debug|Any CPU
		{ADB151D7-BAB4-45E5-AADA-3687CC5AB5BD}.Debug|Any CPU.Build.0 = Debug|Any CPU
		{ADB151D7-BAB4-45E5-AADA-3687CC5AB5BD}.Release|Any CPU.ActiveCfg = Release|Any CPU
		{ADB151D7-BAB4-45E5-AADA-3687CC5AB5BD}.Release|Any CPU.Build.0 = Release|Any CPU
	EndGlobalSection
	GlobalSection(SolutionProperties) = preSolution
		HideSolutionNode = FALSE
	EndGlobalSection
	GlobalSection(ExtensibilityGlobals) = postSolution
		SolutionGuid = {A524B924-80B1-41BB-A9BD-592FA6D0609E}
	EndGlobalSection
EndGlobal
