
Microsoft Visual Studio Solution File, Format Version 12.00
# Visual Studio 15
VisualStudioVersion = 15.0.28307.168
MinimumVisualStudioVersion = 10.0.40219.1
Project("{FAE04EC0-301F-11D3-BF4B-00C04F79EFBC}") = "ScMakeCpk", "ScMakeCpk.csproj", "{F3E7573F-8DA4-491D-8D27-978FEDE6C0FB}"
EndProject
Global
	GlobalSection(SolutionConfigurationPlatforms) = preSolution
		Debug|Any CPU = Debug|Any CPU
		Release|Any CPU = Release|Any CPU
	EndGlobalSection
	GlobalSection(ProjectConfigurationPlatforms) = postSolution
		{F3E7573F-8DA4-491D-8D27-978FEDE6C0FB}.Debug|Any CPU.ActiveCfg = Debug|Any CPU
		{F3E7573F-8DA4-491D-8D27-978FEDE6C0FB}.Debug|Any CPU.Build.0 = Debug|Any CPU
		{F3E7573F-8DA4-491D-8D27-978FEDE6C0FB}.Release|Any CPU.ActiveCfg = Release|Any CPU
		{F3E7573F-8DA4-491D-8D27-978FEDE6C0FB}.Release|Any CPU.Build.0 = Release|Any CPU
	EndGlobalSection
	GlobalSection(SolutionProperties) = preSolution
		HideSolutionNode = FALSE
	EndGlobalSection
	GlobalSection(ExtensibilityGlobals) = postSolution
		SolutionGuid = {9891C880-7EB1-4C0C-98E6-1B8ABF4ED509}
	EndGlobalSection
EndGlobal
